
Microsoft Visual Studio Solution File, Format Version 12.00
# Visual Studio 15
VisualStudioVersion = 15.0.26124.0
MinimumVisualStudioVersion = 15.0.26124.0
Project("{FAE04EC0-301F-11D3-BF4B-00C04F79EFBC}") = "Badger.Common", "Badger.Common\Badger.Common.csproj", "{8CBFF630-DEFB-4174-B54B-1EB5B7DA7123}"
EndProject
Project("{FAE04EC0-301F-11D3-BF4B-00C04F79EFBC}") = "Badger.Common.Tests", "Badger.Common.Tests\Badger.Common.Tests.csproj", "{780AEF5D-2712-4259-B1B5-C8ED236CE658}"
EndProject
Global
	GlobalSection(SolutionConfigurationPlatforms) = preSolution
		Debug|Any CPU = Debug|Any CPU
		Debug|x64 = Debug|x64
		Debug|x86 = Debug|x86
		Release|Any CPU = Release|Any CPU
		Release|x64 = Release|x64
		Release|x86 = Release|x86
	EndGlobalSection
	GlobalSection(SolutionProperties) = preSolution
		HideSolutionNode = FALSE
	EndGlobalSection
	GlobalSection(ProjectConfigurationPlatforms) = postSolution
		{8CBFF630-DEFB-4174-B54B-1EB5B7DA7123}.Debug|Any CPU.ActiveCfg = Debug|Any CPU
		{8CBFF630-DEFB-4174-B54B-1EB5B7DA7123}.Debug|Any CPU.Build.0 = Debug|Any CPU
		{8CBFF630-DEFB-4174-B54B-1EB5B7DA7123}.Debug|x64.ActiveCfg = Debug|x64
		{8CBFF630-DEFB-4174-B54B-1EB5B7DA7123}.Debug|x64.Build.0 = Debug|x64
		{8CBFF630-DEFB-4174-B54B-1EB5B7DA7123}.Debug|x86.ActiveCfg = Debug|x86
		{8CBFF630-DEFB-4174-B54B-1EB5B7DA7123}.Debug|x86.Build.0 = Debug|x86
		{8CBFF630-DEFB-4174-B54B-1EB5B7DA7123}.Release|Any CPU.ActiveCfg = Release|Any CPU
		{8CBFF630-DEFB-4174-B54B-1EB5B7DA7123}.Release|Any CPU.Build.0 = Release|Any CPU
		{8CBFF630-DEFB-4174-B54B-1EB5B7DA7123}.Release|x64.ActiveCfg = Release|x64
		{8CBFF630-DEFB-4174-B54B-1EB5B7DA7123}.Release|x64.Build.0 = Release|x64
		{8CBFF630-DEFB-4174-B54B-1EB5B7DA7123}.Release|x86.ActiveCfg = Release|x86
		{8CBFF630-DEFB-4174-B54B-1EB5B7DA7123}.Release|x86.Build.0 = Release|x86
		{780AEF5D-2712-4259-B1B5-C8ED236CE658}.Debug|Any CPU.ActiveCfg = Debug|Any CPU
		{780AEF5D-2712-4259-B1B5-C8ED236CE658}.Debug|Any CPU.Build.0 = Debug|Any CPU
		{780AEF5D-2712-4259-B1B5-C8ED236CE658}.Debug|x64.ActiveCfg = Debug|x64
		{780AEF5D-2712-4259-B1B5-C8ED236CE658}.Debug|x64.Build.0 = Debug|x64
		{780AEF5D-2712-4259-B1B5-C8ED236CE658}.Debug|x86.ActiveCfg = Debug|x86
		{780AEF5D-2712-4259-B1B5-C8ED236CE658}.Debug|x86.Build.0 = Debug|x86
		{780AEF5D-2712-4259-B1B5-C8ED236CE658}.Release|Any CPU.ActiveCfg = Release|Any CPU
		{780AEF5D-2712-4259-B1B5-C8ED236CE658}.Release|Any CPU.Build.0 = Release|Any CPU
		{780AEF5D-2712-4259-B1B5-C8ED236CE658}.Release|x64.ActiveCfg = Release|x64
		{780AEF5D-2712-4259-B1B5-C8ED236CE658}.Release|x64.Build.0 = Release|x64
		{780AEF5D-2712-4259-B1B5-C8ED236CE658}.Release|x86.ActiveCfg = Release|x86
		{780AEF5D-2712-4259-B1B5-C8ED236CE658}.Release|x86.Build.0 = Release|x86
	EndGlobalSection
EndGlobal
